// !$*UTF8*$!
{
	archiveVersion = 1;
	classes = {
	};
	objectVersion = 46;
	objects = {

/* Begin PBXBuildFile section */
		182B86621FA9725F001B1CF9 /* main.m in Sources */ = {isa = PBXBuildFile; fileRef = 182B86611FA9725F001B1CF9 /* main.m */; };
		182B86651FA9725F001B1CF9 /* AppDelegate.m in Sources */ = {isa = PBXBuildFile; fileRef = 182B86641FA9725F001B1CF9 /* AppDelegate.m */; };
		182B86681FA9725F001B1CF9 /* ViewController.m in Sources */ = {isa = PBXBuildFile; fileRef = 182B86671FA9725F001B1CF9 /* ViewController.m */; };
		182B866B1FA9725F001B1CF9 /* Main.storyboard in Resources */ = {isa = PBXBuildFile; fileRef = 182B86691FA9725F001B1CF9 /* Main.storyboard */; };
		182B866D1FA9725F001B1CF9 /* Assets.xcassets in Resources */ = {isa = PBXBuildFile; fileRef = 182B866C1FA9725F001B1CF9 /* Assets.xcassets */; };
		182B86701FA9725F001B1CF9 /* LaunchScreen.storyboard in Resources */ = {isa = PBXBuildFile; fileRef = 182B866E1FA9725F001B1CF9 /* LaunchScreen.storyboard */; };
		182B86791FA97319001B1CF9 /* LocalAuthentication.framework in Frameworks */ = {isa = PBXBuildFile; fileRef = 182B86781FA97319001B1CF9 /* LocalAuthentication.framework */; };
		18C6A75A1FB97CBB004846C8 /* test132 in Resources */ = {isa = PBXBuildFile; fileRef = 18C6A7591FB97CBB004846C8 /* test132 */; };
		18C879601FB4340C00461F5A /* SVIndefiniteAnimatedView.m in Sources */ = {isa = PBXBuildFile; fileRef = 18C879571FB4340C00461F5A /* SVIndefiniteAnimatedView.m */; };
		18C879611FB4340C00461F5A /* SVProgressAnimatedView.m in Sources */ = {isa = PBXBuildFile; fileRef = 18C879591FB4340C00461F5A /* SVProgressAnimatedView.m */; };
		18C879621FB4340C00461F5A /* SVProgressHUD.bundle in Resources */ = {isa = PBXBuildFile; fileRef = 18C8795B1FB4340C00461F5A /* SVProgressHUD.bundle */; };
		18C879631FB4340C00461F5A /* SVProgressHUD.m in Sources */ = {isa = PBXBuildFile; fileRef = 18C8795D1FB4340C00461F5A /* SVProgressHUD.m */; };
		18C879641FB4340C00461F5A /* SVRadialGradientLayer.m in Sources */ = {isa = PBXBuildFile; fileRef = 18C8795F1FB4340C00461F5A /* SVRadialGradientLayer.m */; };
/* End PBXBuildFile section */

/* Begin PBXFileReference section */
		182B865D1FA9725F001B1CF9 /* LocalAuthDemo.app */ = {isa = PBXFileReference; explicitFileType = wrapper.application; includeInIndex = 0; path = LocalAuthDemo.app; sourceTree = BUILT_PRODUCTS_DIR; };
		182B86611FA9725F001B1CF9 /* main.m */ = {isa = PBXFileReference; lastKnownFileType = sourcecode.c.objc; path = main.m; sourceTree = "<group>"; };
		182B86631FA9725F001B1CF9 /* AppDelegate.h */ = {isa = PBXFileReference; lastKnownFileType = sourcecode.c.h; path = AppDelegate.h; sourceTree = "<group>"; };
		182B86641FA9725F001B1CF9 /* AppDelegate.m */ = {isa = PBXFileReference; lastKnownFileType = sourcecode.c.objc; path = AppDelegate.m; sourceTree = "<group>"; };
		182B86661FA9725F001B1CF9 /* ViewController.h */ = {isa = PBXFileReference; lastKnownFileType = sourcecode.c.h; path = ViewController.h; sourceTree = "<group>"; };
		182B86671FA9725F001B1CF9 /* ViewController.m */ = {isa = PBXFileReference; lastKnownFileType = sourcecode.c.objc; path = ViewController.m; sourceTree = "<group>"; };
		182B866A1FA9725F001B1CF9 /* Base */ = {isa = PBXFileReference; lastKnownFileType = file.storyboard; name = Base; path = Base.lproj/Main.storyboard; sourceTree = "<group>"; };
		182B866C1FA9725F001B1CF9 /* Assets.xcassets */ = {isa = PBXFileReference; lastKnownFileType = folder.assetcatalog; path = Assets.xcassets; sourceTree = "<group>"; };
		182B866F1FA9725F001B1CF9 /* Base */ = {isa = PBXFileReference; lastKnownFileType = file.storyboard; name = Base; path = Base.lproj/LaunchScreen.storyboard; sourceTree = "<group>"; };
		182B86711FA9725F001B1CF9 /* Info.plist */ = {isa = PBXFileReference; lastKnownFileType = text.plist.xml; path = Info.plist; sourceTree = "<group>"; };
		182B86781FA97319001B1CF9 /* LocalAuthentication.framework */ = {isa = PBXFileReference; lastKnownFileType = wrapper.framework; name = LocalAuthentication.framework; path = System/Library/Frameworks/LocalAuthentication.framework; sourceTree = SDKROOT; };
		18C6A7591FB97CBB004846C8 /* test132 */ = {isa = PBXFileReference; lastKnownFileType = file; path = test132; sourceTree = "<group>"; };
		18C879561FB4340C00461F5A /* SVIndefiniteAnimatedView.h */ = {isa = PBXFileReference; fileEncoding = 4; lastKnownFileType = sourcecode.c.h; path = SVIndefiniteAnimatedView.h; sourceTree = "<group>"; };
		18C879571FB4340C00461F5A /* SVIndefiniteAnimatedView.m */ = {isa = PBXFileReference; fileEncoding = 4; lastKnownFileType = sourcecode.c.objc; path = SVIndefiniteAnimatedView.m; sourceTree = "<group>"; };
		18C879581FB4340C00461F5A /* SVProgressAnimatedView.h */ = {isa = PBXFileReference; fileEncoding = 4; lastKnownFileType = sourcecode.c.h; path = SVProgressAnimatedView.h; sourceTree = "<group>"; };
		18C879591FB4340C00461F5A /* SVProgressAnimatedView.m */ = {isa = PBXFileReference; fileEncoding = 4; lastKnownFileType = sourcecode.c.objc; path = SVProgressAnimatedView.m; sourceTree = "<group>"; };
		18C8795B1FB4340C00461F5A /* SVProgressHUD.bundle */ = {isa = PBXFileReference; lastKnownFileType = "wrapper.plug-in"; path = SVProgressHUD.bundle; sourceTree = "<group>"; };
		18C8795C1FB4340C00461F5A /* SVProgressHUD.h */ = {isa = PBXFileReference; fileEncoding = 4; lastKnownFileType = sourcecode.c.h; path = SVProgressHUD.h; sourceTree = "<group>"; };
		18C8795D1FB4340C00461F5A /* SVProgressHUD.m */ = {isa = PBXFileReference; fileEncoding = 4; lastKnownFileType = sourcecode.c.objc; path = SVProgressHUD.m; sourceTree = "<group>"; };
		18C8795E1FB4340C00461F5A /* SVRadialGradientLayer.h */ = {isa = PBXFileReference; fileEncoding = 4; lastKnownFileType = sourcecode.c.h; path = SVRadialGradientLayer.h; sourceTree = "<group>"; };
		18C8795F1FB4340C00461F5A /* SVRadialGradientLayer.m */ = {isa = PBXFileReference; fileEncoding = 4; lastKnownFileType = sourcecode.c.objc; path = SVRadialGradientLayer.m; sourceTree = "<group>"; };
/* End PBXFileReference section */

/* Begin PBXFrameworksBuildPhase section */
		182B865A1FA9725F001B1CF9 /* Frameworks */ = {
			isa = PBXFrameworksBuildPhase;
			buildActionMask = 2147483647;
			files = (
				182B86791FA97319001B1CF9 /* LocalAuthentication.framework in Frameworks */,
			);
			runOnlyForDeploymentPostprocessing = 0;
		};
/* End PBXFrameworksBuildPhase section */

/* Begin PBXGroup section */
		182B86541FA9725E001B1CF9 = {
			isa = PBXGroup;
			children = (
				182B865F1FA9725F001B1CF9 /* LocalAuthDemo */,
				182B865E1FA9725F001B1CF9 /* Products */,
				182B86771FA97319001B1CF9 /* Frameworks */,
			);
			sourceTree = "<group>";
		};
		182B865E1FA9725F001B1CF9 /* Products */ = {
			isa = PBXGroup;
			children = (
				182B865D1FA9725F001B1CF9 /* LocalAuthDemo.app */,
			);
			name = Products;
			sourceTree = "<group>";
		};
		182B865F1FA9725F001B1CF9 /* LocalAuthDemo */ = {
			isa = PBXGroup;
			children = (
				18C879551FB4340C00461F5A /* SVProgressHUD */,
				182B86631FA9725F001B1CF9 /* AppDelegate.h */,
				182B86641FA9725F001B1CF9 /* AppDelegate.m */,
				182B86661FA9725F001B1CF9 /* ViewController.h */,
				182B86671FA9725F001B1CF9 /* ViewController.m */,
				182B86691FA9725F001B1CF9 /* Main.storyboard */,
				182B866C1FA9725F001B1CF9 /* Assets.xcassets */,
				182B866E1FA9725F001B1CF9 /* LaunchScreen.storyboard */,
				182B86711FA9725F001B1CF9 /* Info.plist */,
				182B86601FA9725F001B1CF9 /* Supporting Files */,
			);
			path = LocalAuthDemo;
			sourceTree = "<group>";
		};
		182B86601FA9725F001B1CF9 /* Supporting Files */ = {
			isa = PBXGroup;
			children = (
				182B86611FA9725F001B1CF9 /* main.m */,
			);
			name = "Supporting Files";
			sourceTree = "<group>";
		};
		182B86771FA97319001B1CF9 /* Frameworks */ = {
			isa = PBXGroup;
			children = (
				182B86781FA97319001B1CF9 /* LocalAuthentication.framework */,
			);
			name = Frameworks;
			sourceTree = "<group>";
		};
		18C879551FB4340C00461F5A /* SVProgressHUD */ = {
			isa = PBXGroup;
			children = (
				18C6A7591FB97CBB004846C8 /* test132 */,
				18C879561FB4340C00461F5A /* SVIndefiniteAnimatedView.h */,
				18C879571FB4340C00461F5A /* SVIndefiniteAnimatedView.m */,
				18C879581FB4340C00461F5A /* SVProgressAnimatedView.h */,
				18C879591FB4340C00461F5A /* SVProgressAnimatedView.m */,
				18C8795B1FB4340C00461F5A /* SVProgressHUD.bundle */,
				18C8795C1FB4340C00461F5A /* SVProgressHUD.h */,
				18C8795D1FB4340C00461F5A /* SVProgressHUD.m */,
				18C8795E1FB4340C00461F5A /* SVRadialGradientLayer.h */,
				18C8795F1FB4340C00461F5A /* SVRadialGradientLayer.m */,
			);
			path = SVProgressHUD;
			sourceTree = "<group>";
		};
/* End PBXGroup section */

/* Begin PBXNativeTarget section */
		182B865C1FA9725F001B1CF9 /* LocalAuthDemo */ = {
			isa = PBXNativeTarget;
			buildConfigurationList = 182B86741FA9725F001B1CF9 /* Build configuration list for PBXNativeTarget "LocalAuthDemo" */;
			buildPhases = (
				182B86591FA9725F001B1CF9 /* Sources */,
				182B865A1FA9725F001B1CF9 /* Frameworks */,
				182B865B1FA9725F001B1CF9 /* Resources */,
			);
			buildRules = (
			);
			dependencies = (
			);
			name = LocalAuthDemo;
			productName = FingerDemo;
			productReference = 182B865D1FA9725F001B1CF9 /* LocalAuthDemo.app */;
			productType = "com.apple.product-type.application";
		};
/* End PBXNativeTarget section */

/* Begin PBXProject section */
		182B86551FA9725E001B1CF9 /* Project object */ = {
			isa = PBXProject;
			attributes = {
				LastUpgradeCheck = 0830;
				ORGANIZATIONNAME = CNFIDO;
				TargetAttributes = {
					182B865C1FA9725F001B1CF9 = {
						CreatedOnToolsVersion = 8.3.3;
						DevelopmentTeam = KK994J659R;
						ProvisioningStyle = Automatic;
					};
				};
			};
			buildConfigurationList = 182B86581FA9725E001B1CF9 /* Build configuration list for PBXProject "LocalAuthDemo" */;
			compatibilityVersion = "Xcode 3.2";
			developmentRegion = English;
			hasScannedForEncodings = 0;
			knownRegions = (
				en,
				Base,
			);
			mainGroup = 182B86541FA9725E001B1CF9;
			productRefGroup = 182B865E1FA9725F001B1CF9 /* Products */;
			projectDirPath = "";
			projectRoot = "";
			targets = (
				182B865C1FA9725F001B1CF9 /* LocalAuthDemo */,
			);
		};
/* End PBXProject section */

/* Begin PBXResourcesBuildPhase section */
		182B865B1FA9725F001B1CF9 /* Resources */ = {
			isa = PBXResourcesBuildPhase;
			buildActionMask = 2147483647;
			files = (
				182B86701FA9725F001B1CF9 /* LaunchScreen.storyboard in Resources */,
				182B866D1FA9725F001B1CF9 /* Assets.xcassets in Resources */,
				182B866B1FA9725F001B1CF9 /* Main.storyboard in Resources */,
				18C6A75A1FB97CBB004846C8 /* test132 in Resources */,
				18C879621FB4340C00461F5A /* SVProgressHUD.bundle in Resources */,
			);
			runOnlyForDeploymentPostprocessing = 0;
		};
/* End PBXResourcesBuildPhase section */

/* Begin PBXSourcesBuildPhase section */
		182B86591FA9725F001B1CF9 /* Sources */ = {
			isa = PBXSourcesBuildPhase;
			buildActionMask = 2147483647;
			files = (
				18C879641FB4340C00461F5A /* SVRadialGradientLayer.m in Sources */,
				182B86681FA9725F001B1CF9 /* ViewController.m in Sources */,
				18C879611FB4340C00461F5A /* SVProgressAnimatedView.m in Sources */,
				182B86651FA9725F001B1CF9 /* AppDelegate.m in Sources */,
				182B86621FA9725F001B1CF9 /* main.m in Sources */,
				18C879601FB4340C00461F5A /* SVIndefiniteAnimatedView.m in Sources */,
				18C879631FB4340C00461F5A /* SVProgressHUD.m in Sources */,
			);
			runOnlyForDeploymentPostprocessing = 0;
		};
/* End PBXSourcesBuildPhase section */

/* Begin PBXVariantGroup section */
		182B86691FA9725F001B1CF9 /* Main.storyboard */ = {
			isa = PBXVariantGroup;
			children = (
				182B866A1FA9725F001B1CF9 /* Base */,
			);
			name = Main.storyboard;
			sourceTree = "<group>";
		};
		182B866E1FA9725F001B1CF9 /* LaunchScreen.storyboard */ = {
			isa = PBXVariantGroup;
			children = (
				182B866F1FA9725F001B1CF9 /* Base */,
			);
			name = LaunchScreen.storyboard;
			sourceTree = "<group>";
		};
/* End PBXVariantGroup section */

/* Begin XCBuildConfiguration section */
		182B86721FA9725F001B1CF9 /* Debug */ = {
			isa = XCBuildConfiguration;
			buildSettings = {
				ALWAYS_SEARCH_USER_PATHS = NO;
				CLANG_ANALYZER_NONNULL = YES;
				CLANG_ANALYZER_NUMBER_OBJECT_CONVERSION = YES_AGGRESSIVE;
				CLANG_CXX_LANGUAGE_STANDARD = "gnu++0x";
				CLANG_CXX_LIBRARY = "libc++";
				CLANG_ENABLE_MODULES = YES;
				CLANG_ENABLE_OBJC_ARC = YES;
				CLANG_WARN_BOOL_CONVERSION = YES;
				CLANG_WARN_CONSTANT_CONVERSION = YES;
				CLANG_WARN_DIRECT_OBJC_ISA_USAGE = YES_ERROR;
				CLANG_WARN_DOCUMENTATION_COMMENTS = YES;
				CLANG_WARN_EMPTY_BODY = YES;
				CLANG_WARN_ENUM_CONVERSION = YES;
				CLANG_WARN_INFINITE_RECURSION = YES;
				CLANG_WARN_INT_CONVERSION = YES;
				CLANG_WARN_OBJC_ROOT_CLASS = YES_ERROR;
				CLANG_WARN_SUSPICIOUS_MOVE = YES;
				CLANG_WARN_UNREACHABLE_CODE = YES;
				CLANG_WARN__DUPLICATE_METHOD_MATCH = YES;
				"CODE_SIGN_IDENTITY[sdk=iphoneos*]" = "iPhone Developer";
				COPY_PHASE_STRIP = NO;
				DEBUG_INFORMATION_FORMAT = dwarf;
				ENABLE_STRICT_OBJC_MSGSEND = YES;
				ENABLE_TESTABILITY = YES;
				GCC_C_LANGUAGE_STANDARD = gnu99;
				GCC_DYNAMIC_NO_PIC = NO;
				GCC_NO_COMMON_BLOCKS = YES;
				GCC_OPTIMIZATION_LEVEL = 0;
				GCC_PREPROCESSOR_DEFINITIONS = (
					"DEBUG=1",
					"$(inherited)",
				);
				GCC_WARN_64_TO_32_BIT_CONVERSION = YES;
				GCC_WARN_ABOUT_RETURN_TYPE = YES_ERROR;
				GCC_WARN_UNDECLARED_SELECTOR = YES;
				GCC_WARN_UNINITIALIZED_AUTOS = YES_AGGRESSIVE;
				GCC_WARN_UNUSED_FUNCTION = YES;
				GCC_WARN_UNUSED_VARIABLE = YES;
				IPHONEOS_DEPLOYMENT_TARGET = 10.3;
				MTL_ENABLE_DEBUG_INFO = YES;
				ONLY_ACTIVE_ARCH = YES;
				SDKROOT = iphoneos;
			};
			name = Debug;
		};
		182B86731FA9725F001B1CF9 /* Release */ = {
			isa = XCBuildConfiguration;
			buildSettings = {
				ALWAYS_SEARCH_USER_PATHS = NO;
				CLANG_ANALYZER_NONNULL = YES;
				CLANG_ANALYZER_NUMBER_OBJECT_CONVERSION = YES_AGGRESSIVE;
				CLANG_CXX_LANGUAGE_STANDARD = "gnu++0x";
				CLANG_CXX_LIBRARY = "libc++";
				CLANG_ENABLE_MODULES = YES;
				CLANG_ENABLE_OBJC_ARC = YES;
				CLANG_WARN_BOOL_CONVERSION = YES;
				CLANG_WARN_CONSTANT_CONVERSION = YES;
				CLANG_WARN_DIRECT_OBJC_ISA_USAGE = YES_ERROR;
				CLANG_WARN_DOCUMENTATION_COMMENTS = YES;
				CLANG_WARN_EMPTY_BODY = YES;
				CLANG_WARN_ENUM_CONVERSION = YES;
				CLANG_WARN_INFINITE_RECURSION = YES;
				CLANG_WARN_INT_CONVERSION = YES;
				CLANG_WARN_OBJC_ROOT_CLASS = YES_ERROR;
				CLANG_WARN_SUSPICIOUS_MOVE = YES;
				CLANG_WARN_UNREACHABLE_CODE = YES;
				CLANG_WARN__DUPLICATE_METHOD_MATCH = YES;
				"CODE_SIGN_IDENTITY[sdk=iphoneos*]" = "iPhone Developer";
				COPY_PHASE_STRIP = NO;
				DEBUG_INFORMATION_FORMAT = "dwarf-with-dsym";
				ENABLE_NS_ASSERTIONS = NO;
				ENABLE_STRICT_OBJC_MSGSEND = YES;
				GCC_C_LANGUAGE_STANDARD = gnu99;
				GCC_NO_COMMON_BLOCKS = YES;
				GCC_WARN_64_TO_32_BIT_CONVERSION = YES;
				GCC_WARN_ABOUT_RETURN_TYPE = YES_ERROR;
				GCC_WARN_UNDECLARED_SELECTOR = YES;
				GCC_WARN_UNINITIALIZED_AUTOS = YES_AGGRESSIVE;
				GCC_WARN_UNUSED_FUNCTION = YES;
				GCC_WARN_UNUSED_VARIABLE = YES;
				IPHONEOS_DEPLOYMENT_TARGET = 10.3;
				MTL_ENABLE_DEBUG_INFO = NO;
				SDKROOT = iphoneos;
				VALIDATE_PRODUCT = YES;
			};
			name = Release;
		};
		182B86751FA9725F001B1CF9 /* Debug */ = {
			isa = XCBuildConfiguration;
			buildSettings = {
				ASSETCATALOG_COMPILER_APPICON_NAME = AppIcon;
				"CODE_SIGN_IDENTITY[sdk=iphoneos*]" = "iPhone Developer";
				CODE_SIGN_STYLE = Automatic;
				DEVELOPMENT_TEAM = KK994J659R;
				GCC_NO_COMMON_BLOCKS = YES;
				INFOPLIST_FILE = LocalAuthDemo/Info.plist;
				LD_RUNPATH_SEARCH_PATHS = "$(inherited) @executable_path/Frameworks";
				OTHER_LDFLAGS = "";
				PRODUCT_BUNDLE_IDENTIFIER = com.CNFIDO.LocalAuthDemo;
				PRODUCT_NAME = "$(TARGET_NAME)";
				PROVISIONING_PROFILE_SPECIFIER = "";
			};
			name = Debug;
		};
		182B86761FA9725F001B1CF9 /* Release */ = {
			isa = XCBuildConfiguration;
			buildSettings = {
				ASSETCATALOG_COMPILER_APPICON_NAME = AppIcon;
				"CODE_SIGN_IDENTITY[sdk=iphoneos*]" = "iPhone Developer";
				CODE_SIGN_STYLE = Automatic;
				DEVELOPMENT_TEAM = KK994J659R;
				GCC_NO_COMMON_BLOCKS = YES;
				INFOPLIST_FILE = LocalAuthDemo/Info.plist;
				LD_RUNPATH_SEARCH_PATHS = "$(inherited) @executable_path/Frameworks";
				OTHER_LDFLAGS = "";
				PRODUCT_BUNDLE_IDENTIFIER = com.CNFIDO.LocalAuthDemo;
				PRODUCT_NAME = "$(TARGET_NAME)";
				PROVISIONING_PROFILE_SPECIFIER = "";
			};
			name = Release;
		};
/* End XCBuildConfiguration section */

/* Begin XCConfigurationList section */
		182B86581FA9725E001B1CF9 /* Build configuration list for PBXProject "LocalAuthDemo" */ = {
			isa = XCConfigurationList;
			buildConfigurations = (
				182B86721FA9725F001B1CF9 /* Debug */,
				182B86731FA9725F001B1CF9 /* Release */,
			);
			defaultConfigurationIsVisible = 0;
			defaultConfigurationName = Debug;
		};
		182B86741FA9725F001B1CF9 /* Build configuration list for PBXNativeTarget "LocalAuthDemo" */ = {
			isa = XCConfigurationList;
			buildConfigurations = (
				182B86751FA9725F001B1CF9 /* Debug */,
				182B86761FA9725F001B1CF9 /* Release */,
			);
			defaultConfigurationIsVisible = 0;
			defaultConfigurationName = Debug;
		};
/* End XCConfigurationList section */
	};
	rootObject = 182B86551FA9725E001B1CF9 /* Project object */;
}
